
Microsoft Visual Studio Solution File, Format Version 12.00
# Visual Studio Version 17
VisualStudioVersion = 17.7.34031.279
MinimumVisualStudioVersion = 10.0.40219.1
Project("{9A19103F-16F7-4668-BE54-9A1E7A4F7556}") = "TheReadHaven", "TheReadHaven.csproj", "{839D83D3-0E4B-482D-BD8E-99D628240461}"
EndProject
Project("{9A19103F-16F7-4668-BE54-9A1E7A4F7556}") = "RazorPagesApp", "..\RazorPagesApp\RazorPagesApp.csproj", "{1D9A7403-5FB6-4C2C-A1EE-D18D792568B9}"
EndProject
Project("{FAE04EC0-301F-11D3-BF4B-00C04F79EFBC}") = "Project.DataAccess", "..\Project.DataAccess\Project.DataAccess.csproj", "{DB2B88EE-ECF4-47BD-837D-7D759A8D4F86}"
EndProject
Project("{FAE04EC0-301F-11D3-BF4B-00C04F79EFBC}") = "Project.Models", "..\Project.Models\Project.Models.csproj", "{275DC559-2AA6-4C21-A138-7CE6E764A06E}"
EndProject
Project("{FAE04EC0-301F-11D3-BF4B-00C04F79EFBC}") = "Project.Utility", "..\Project.Utility\Project.Utility.csproj", "{CFE385F3-B01F-4A1B-B1EE-F2B513721F2C}"
EndProject
Global
	GlobalSection(SolutionConfigurationPlatforms) = preSolution
		Debug|Any CPU = Debug|Any CPU
		Release|Any CPU = Release|Any CPU
	EndGlobalSection
	GlobalSection(ProjectConfigurationPlatforms) = postSolution
		{839D83D3-0E4B-482D-BD8E-99D628240461}.Debug|Any CPU.ActiveCfg = Debug|Any CPU
		{839D83D3-0E4B-482D-BD8E-99D628240461}.Debug|Any CPU.Build.0 = Debug|Any CPU
		{839D83D3-0E4B-482D-BD8E-99D628240461}.Release|Any CPU.ActiveCfg = Release|Any CPU
		{839D83D3-0E4B-482D-BD8E-99D628240461}.Release|Any CPU.Build.0 = Release|Any CPU
		{1D9A7403-5FB6-4C2C-A1EE-D18D792568B9}.Debug|Any CPU.ActiveCfg = Debug|Any CPU
		{1D9A7403-5FB6-4C2C-A1EE-D18D792568B9}.Debug|Any CPU.Build.0 = Debug|Any CPU
		{1D9A7403-5FB6-4C2C-A1EE-D18D792568B9}.Release|Any CPU.ActiveCfg = Release|Any CPU
		{1D9A7403-5FB6-4C2C-A1EE-D18D792568B9}.Release|Any CPU.Build.0 = Release|Any CPU
		{DB2B88EE-ECF4-47BD-837D-7D759A8D4F86}.Debug|Any CPU.ActiveCfg = Debug|Any CPU
		{DB2B88EE-ECF4-47BD-837D-7D759A8D4F86}.Debug|Any CPU.Build.0 = Debug|Any CPU
		{DB2B88EE-ECF4-47BD-837D-7D759A8D4F86}.Release|Any CPU.ActiveCfg = Release|Any CPU
		{DB2B88EE-ECF4-47BD-837D-7D759A8D4F86}.Release|Any CPU.Build.0 = Release|Any CPU
		{275DC559-2AA6-4C21-A138-7CE6E764A06E}.Debug|Any CPU.ActiveCfg = Debug|Any CPU
		{275DC559-2AA6-4C21-A138-7CE6E764A06E}.Debug|Any CPU.Build.0 = Debug|Any CPU
		{275DC559-2AA6-4C21-A138-7CE6E764A06E}.Release|Any CPU.ActiveCfg = Release|Any CPU
		{275DC559-2AA6-4C21-A138-7CE6E764A06E}.Release|Any CPU.Build.0 = Release|Any CPU
		{CFE385F3-B01F-4A1B-B1EE-F2B513721F2C}.Debug|Any CPU.ActiveCfg = Debug|Any CPU
		{CFE385F3-B01F-4A1B-B1EE-F2B513721F2C}.Debug|Any CPU.Build.0 = Debug|Any CPU
		{CFE385F3-B01F-4A1B-B1EE-F2B513721F2C}.Release|Any CPU.ActiveCfg = Release|Any CPU
		{CFE385F3-B01F-4A1B-B1EE-F2B513721F2C}.Release|Any CPU.Build.0 = Release|Any CPU
	EndGlobalSection
	GlobalSection(SolutionProperties) = preSolution
		HideSolutionNode = FALSE
	EndGlobalSection
	GlobalSection(ExtensibilityGlobals) = postSolution
		SolutionGuid = {BB20051C-A43A-4283-925F-E2C6F1627789}
	EndGlobalSection
EndGlobal
